
Microsoft Visual Studio Solution File, Format Version 12.00
# Visual Studio 15
Project("{FAE04EC0-301F-11D3-BF4B-00C04F79EFBC}") = "UnityEngine.TestRunner", "UnityEngine.TestRunner.csproj", "{41BF51BB-5190-2057-1D21-63F9C5039823}"
EndProject
Project("{FAE04EC0-301F-11D3-BF4B-00C04F79EFBC}") = "Unity.2D.Animation.Triangle.Runtime", "Unity.2D.Animation.Triangle.Runtime.csproj", "{ED84ACF3-645B-285D-F110-FB5FB9EA54F0}"
EndProject
Project("{FAE04EC0-301F-11D3-BF4B-00C04F79EFBC}") = "Unity.TextMeshPro", "Unity.TextMeshPro.csproj", "{73C16A36-61EF-A222-5A23-117F891A5CAC}"
EndProject
Project("{FAE04EC0-301F-11D3-BF4B-00C04F79EFBC}") = "Unity.2D.Animation.Runtime", "Unity.2D.Animation.Runtime.csproj", "{DF9806F0-83D0-F9EF-CA54-5AE3B9956999}"
EndProject
Project("{FAE04EC0-301F-11D3-BF4B-00C04F79EFBC}") = "Assembly-CSharp", "Assembly-CSharp.csproj", "{C2A74C80-54AD-FCB5-5ECF-45BB1A92B909}"
EndProject
Project("{FAE04EC0-301F-11D3-BF4B-00C04F79EFBC}") = "Unity.Timeline", "Unity.Timeline.csproj", "{224D9FF8-2E4D-CA83-3A9B-76285054EEDC}"
EndProject
Project("{FAE04EC0-301F-11D3-BF4B-00C04F79EFBC}") = "AstarPathfindingProject", "AstarPathfindingProject.csproj", "{AB3764B1-20C8-7F39-ED31-0A548DCF4963}"
EndProject
Project("{FAE04EC0-301F-11D3-BF4B-00C04F79EFBC}") = "Unity.Mathematics", "Unity.Mathematics.csproj", "{34F65A89-ED74-07B6-13CE-CEDE3367AB98}"
EndProject
Project("{FAE04EC0-301F-11D3-BF4B-00C04F79EFBC}") = "Unity.2D.SpriteShape.Runtime", "Unity.2D.SpriteShape.Runtime.csproj", "{568601B9-8650-1EFE-13AC-6F4DFEEE699C}"
EndProject
Project("{FAE04EC0-301F-11D3-BF4B-00C04F79EFBC}") = "Unity.2D.PixelPerfect", "Unity.2D.PixelPerfect.csproj", "{1A776DB3-FB15-0BD1-5CC5-B1581829E26C}"
EndProject
Project("{FAE04EC0-301F-11D3-BF4B-00C04F79EFBC}") = "Unity.InternalAPIEngineBridge.001", "Unity.InternalAPIEngineBridge.001.csproj", "{55179EE2-5D36-63AC-361A-DE85C3F325FF}"
EndProject
Project("{FAE04EC0-301F-11D3-BF4B-00C04F79EFBC}") = "Unity.2D.Common.Runtime", "Unity.2D.Common.Runtime.csproj", "{BA5FAD7F-86C9-3A98-10BC-4B0BDDFF7F79}"
EndProject
Project("{FAE04EC0-301F-11D3-BF4B-00C04F79EFBC}") = "UnityEditor.TestRunner", "UnityEditor.TestRunner.csproj", "{8D377381-D14D-7745-5FB9-99C4E6969321}"
EndProject
Project("{FAE04EC0-301F-11D3-BF4B-00C04F79EFBC}") = "Unity.TextMeshPro.Editor", "Unity.TextMeshPro.Editor.csproj", "{78604E41-C286-A503-9AE8-D4B0BCE32957}"
EndProject
Project("{FAE04EC0-301F-11D3-BF4B-00C04F79EFBC}") = "Unity.Timeline.Editor", "Unity.Timeline.Editor.csproj", "{74876278-9885-DEA2-C5CE-DF9D3DD3E5C7}"
EndProject
Project("{FAE04EC0-301F-11D3-BF4B-00C04F79EFBC}") = "Unity.2D.Animation.Editor", "Unity.2D.Animation.Editor.csproj", "{6EAE1EE3-6442-C65E-CB38-FCA12678F74C}"
EndProject
Project("{FAE04EC0-301F-11D3-BF4B-00C04F79EFBC}") = "Unity.2D.Path.Editor", "Unity.2D.Path.Editor.csproj", "{C0764E28-4702-5C53-9663-56A85BD720CD}"
EndProject
Project("{FAE04EC0-301F-11D3-BF4B-00C04F79EFBC}") = "AstarPathfindingProjectEditor", "AstarPathfindingProjectEditor.csproj", "{AB1D7EDB-DF4E-3D41-0967-9A34D50D6260}"
EndProject
Project("{FAE04EC0-301F-11D3-BF4B-00C04F79EFBC}") = "Unity.Rider.Editor", "Unity.Rider.Editor.csproj", "{3662F7E2-A3CC-2BC8-FD0B-E1DF7863B651}"
EndProject
Project("{FAE04EC0-301F-11D3-BF4B-00C04F79EFBC}") = "Unity.2D.SpriteShape.Editor", "Unity.2D.SpriteShape.Editor.csproj", "{8670539C-A90F-442D-1AE4-04ECDCDCC673}"
EndProject
Project("{FAE04EC0-301F-11D3-BF4B-00C04F79EFBC}") = "PsdPlugin", "PsdPlugin.csproj", "{E9BE89FF-4C7A-4ACE-7D35-A2A3DF093373}"
EndProject
Project("{FAE04EC0-301F-11D3-BF4B-00C04F79EFBC}") = "PackageToolsEditor", "PackageToolsEditor.csproj", "{863C758E-B82E-DC5A-F208-95D680528F33}"
EndProject
Project("{FAE04EC0-301F-11D3-BF4B-00C04F79EFBC}") = "Unity.CollabProxy.Editor", "Unity.CollabProxy.Editor.csproj", "{0B8FED35-5F46-54A6-D7B8-5C40E945A4A4}"
EndProject
Project("{FAE04EC0-301F-11D3-BF4B-00C04F79EFBC}") = "Unity.2D.Common.Editor", "Unity.2D.Common.Editor.csproj", "{C7C546DB-11B8-A02F-52CA-439392E45107}"
EndProject
Project("{FAE04EC0-301F-11D3-BF4B-00C04F79EFBC}") = "Unity.VSCode.Editor", "Unity.VSCode.Editor.csproj", "{47A391A7-5C28-611D-3394-84D3B86B198E}"
EndProject
Project("{FAE04EC0-301F-11D3-BF4B-00C04F79EFBC}") = "Unity.2D.Psdimporter.Editor", "Unity.2D.Psdimporter.Editor.csproj", "{0469832D-BA86-213C-8925-056E83AA1CEF}"
EndProject
Project("{FAE04EC0-301F-11D3-BF4B-00C04F79EFBC}") = "Unity.2D.PixelPerfect.Editor", "Unity.2D.PixelPerfect.Editor.csproj", "{00D78C34-1B39-D172-2C97-86F5B8D52D5E}"
EndProject
Project("{FAE04EC0-301F-11D3-BF4B-00C04F79EFBC}") = "Unity.Mathematics.Editor", "Unity.Mathematics.Editor.csproj", "{BAE8C345-85DB-28E2-E4CE-425FE8E5F28A}"
EndProject
Project("{FAE04EC0-301F-11D3-BF4B-00C04F79EFBC}") = "Unity.InternalAPIEditorBridge.001", "Unity.InternalAPIEditorBridge.001.csproj", "{299073BB-6E10-D26E-DC95-977B73CCAD8C}"
EndProject
Global
	GlobalSection(SolutionConfigurationPlatforms) = preSolution
		Debug|Any CPU = Debug|Any CPU
		Release|Any CPU = Release|Any CPU
	EndGlobalSection
	GlobalSection(ProjectConfigurationPlatforms) = postSolution
		{41BF51BB-5190-2057-1D21-63F9C5039823}.Debug|Any CPU.ActiveCfg = Debug|Any CPU
		{41BF51BB-5190-2057-1D21-63F9C5039823}.Debug|Any CPU.Build.0 = Debug|Any CPU
		{41BF51BB-5190-2057-1D21-63F9C5039823}.Release|Any CPU.ActiveCfg = Release|Any CPU
		{41BF51BB-5190-2057-1D21-63F9C5039823}.Release|Any CPU.Build.0 = Release|Any CPU
		{ED84ACF3-645B-285D-F110-FB5FB9EA54F0}.Debug|Any CPU.ActiveCfg = Debug|Any CPU
		{ED84ACF3-645B-285D-F110-FB5FB9EA54F0}.Debug|Any CPU.Build.0 = Debug|Any CPU
		{ED84ACF3-645B-285D-F110-FB5FB9EA54F0}.Release|Any CPU.ActiveCfg = Release|Any CPU
		{ED84ACF3-645B-285D-F110-FB5FB9EA54F0}.Release|Any CPU.Build.0 = Release|Any CPU
		{73C16A36-61EF-A222-5A23-117F891A5CAC}.Debug|Any CPU.ActiveCfg = Debug|Any CPU
		{73C16A36-61EF-A222-5A23-117F891A5CAC}.Debug|Any CPU.Build.0 = Debug|Any CPU
		{73C16A36-61EF-A222-5A23-117F891A5CAC}.Release|Any CPU.ActiveCfg = Release|Any CPU
		{73C16A36-61EF-A222-5A23-117F891A5CAC}.Release|Any CPU.Build.0 = Release|Any CPU
		{DF9806F0-83D0-F9EF-CA54-5AE3B9956999}.Debug|Any CPU.ActiveCfg = Debug|Any CPU
		{DF9806F0-83D0-F9EF-CA54-5AE3B9956999}.Debug|Any CPU.Build.0 = Debug|Any CPU
		{DF9806F0-83D0-F9EF-CA54-5AE3B9956999}.Release|Any CPU.ActiveCfg = Release|Any CPU
		{DF9806F0-83D0-F9EF-CA54-5AE3B9956999}.Release|Any CPU.Build.0 = Release|Any CPU
		{C2A74C80-54AD-FCB5-5ECF-45BB1A92B909}.Debug|Any CPU.ActiveCfg = Debug|Any CPU
		{C2A74C80-54AD-FCB5-5ECF-45BB1A92B909}.Debug|Any CPU.Build.0 = Debug|Any CPU
		{C2A74C80-54AD-FCB5-5ECF-45BB1A92B909}.Release|Any CPU.ActiveCfg = Release|Any CPU
		{C2A74C80-54AD-FCB5-5ECF-45BB1A92B909}.Release|Any CPU.Build.0 = Release|Any CPU
		{224D9FF8-2E4D-CA83-3A9B-76285054EEDC}.Debug|Any CPU.ActiveCfg = Debug|Any CPU
		{224D9FF8-2E4D-CA83-3A9B-76285054EEDC}.Debug|Any CPU.Build.0 = Debug|Any CPU
		{224D9FF8-2E4D-CA83-3A9B-76285054EEDC}.Release|Any CPU.ActiveCfg = Release|Any CPU
		{224D9FF8-2E4D-CA83-3A9B-76285054EEDC}.Release|Any CPU.Build.0 = Release|Any CPU
		{AB3764B1-20C8-7F39-ED31-0A548DCF4963}.Debug|Any CPU.ActiveCfg = Debug|Any CPU
		{AB3764B1-20C8-7F39-ED31-0A548DCF4963}.Debug|Any CPU.Build.0 = Debug|Any CPU
		{AB3764B1-20C8-7F39-ED31-0A548DCF4963}.Release|Any CPU.ActiveCfg = Release|Any CPU
		{AB3764B1-20C8-7F39-ED31-0A548DCF4963}.Release|Any CPU.Build.0 = Release|Any CPU
		{34F65A89-ED74-07B6-13CE-CEDE3367AB98}.Debug|Any CPU.ActiveCfg = Debug|Any CPU
		{34F65A89-ED74-07B6-13CE-CEDE3367AB98}.Debug|Any CPU.Build.0 = Debug|Any CPU
		{34F65A89-ED74-07B6-13CE-CEDE3367AB98}.Release|Any CPU.ActiveCfg = Release|Any CPU
		{34F65A89-ED74-07B6-13CE-CEDE3367AB98}.Release|Any CPU.Build.0 = Release|Any CPU
		{568601B9-8650-1EFE-13AC-6F4DFEEE699C}.Debug|Any CPU.ActiveCfg = Debug|Any CPU
		{568601B9-8650-1EFE-13AC-6F4DFEEE699C}.Debug|Any CPU.Build.0 = Debug|Any CPU
		{568601B9-8650-1EFE-13AC-6F4DFEEE699C}.Release|Any CPU.ActiveCfg = Release|Any CPU
		{568601B9-8650-1EFE-13AC-6F4DFEEE699C}.Release|Any CPU.Build.0 = Release|Any CPU
		{1A776DB3-FB15-0BD1-5CC5-B1581829E26C}.Debug|Any CPU.ActiveCfg = Debug|Any CPU
		{1A776DB3-FB15-0BD1-5CC5-B1581829E26C}.Debug|Any CPU.Build.0 = Debug|Any CPU
		{1A776DB3-FB15-0BD1-5CC5-B1581829E26C}.Release|Any CPU.ActiveCfg = Release|Any CPU
		{1A776DB3-FB15-0BD1-5CC5-B1581829E26C}.Release|Any CPU.Build.0 = Release|Any CPU
		{55179EE2-5D36-63AC-361A-DE85C3F325FF}.Debug|Any CPU.ActiveCfg = Debug|Any CPU
		{55179EE2-5D36-63AC-361A-DE85C3F325FF}.Debug|Any CPU.Build.0 = Debug|Any CPU
		{55179EE2-5D36-63AC-361A-DE85C3F325FF}.Release|Any CPU.ActiveCfg = Release|Any CPU
		{55179EE2-5D36-63AC-361A-DE85C3F325FF}.Release|Any CPU.Build.0 = Release|Any CPU
		{BA5FAD7F-86C9-3A98-10BC-4B0BDDFF7F79}.Debug|Any CPU.ActiveCfg = Debug|Any CPU
		{BA5FAD7F-86C9-3A98-10BC-4B0BDDFF7F79}.Debug|Any CPU.Build.0 = Debug|Any CPU
		{BA5FAD7F-86C9-3A98-10BC-4B0BDDFF7F79}.Release|Any CPU.ActiveCfg = Release|Any CPU
		{BA5FAD7F-86C9-3A98-10BC-4B0BDDFF7F79}.Release|Any CPU.Build.0 = Release|Any CPU
		{8D377381-D14D-7745-5FB9-99C4E6969321}.Debug|Any CPU.ActiveCfg = Debug|Any CPU
		{8D377381-D14D-7745-5FB9-99C4E6969321}.Debug|Any CPU.Build.0 = Debug|Any CPU
		{8D377381-D14D-7745-5FB9-99C4E6969321}.Release|Any CPU.ActiveCfg = Release|Any CPU
		{8D377381-D14D-7745-5FB9-99C4E6969321}.Release|Any CPU.Build.0 = Release|Any CPU
		{78604E41-C286-A503-9AE8-D4B0BCE32957}.Debug|Any CPU.ActiveCfg = Debug|Any CPU
		{78604E41-C286-A503-9AE8-D4B0BCE32957}.Debug|Any CPU.Build.0 = Debug|Any CPU
		{78604E41-C286-A503-9AE8-D4B0BCE32957}.Release|Any CPU.ActiveCfg = Release|Any CPU
		{78604E41-C286-A503-9AE8-D4B0BCE32957}.Release|Any CPU.Build.0 = Release|Any CPU
		{74876278-9885-DEA2-C5CE-DF9D3DD3E5C7}.Debug|Any CPU.ActiveCfg = Debug|Any CPU
		{74876278-9885-DEA2-C5CE-DF9D3DD3E5C7}.Debug|Any CPU.Build.0 = Debug|Any CPU
		{74876278-9885-DEA2-C5CE-DF9D3DD3E5C7}.Release|Any CPU.ActiveCfg = Release|Any CPU
		{74876278-9885-DEA2-C5CE-DF9D3DD3E5C7}.Release|Any CPU.Build.0 = Release|Any CPU
		{6EAE1EE3-6442-C65E-CB38-FCA12678F74C}.Debug|Any CPU.ActiveCfg = Debug|Any CPU
		{6EAE1EE3-6442-C65E-CB38-FCA12678F74C}.Debug|Any CPU.Build.0 = Debug|Any CPU
		{6EAE1EE3-6442-C65E-CB38-FCA12678F74C}.Release|Any CPU.ActiveCfg = Release|Any CPU
		{6EAE1EE3-6442-C65E-CB38-FCA12678F74C}.Release|Any CPU.Build.0 = Release|Any CPU
		{C0764E28-4702-5C53-9663-56A85BD720CD}.Debug|Any CPU.ActiveCfg = Debug|Any CPU
		{C0764E28-4702-5C53-9663-56A85BD720CD}.Debug|Any CPU.Build.0 = Debug|Any CPU
		{C0764E28-4702-5C53-9663-56A85BD720CD}.Release|Any CPU.ActiveCfg = Release|Any CPU
		{C0764E28-4702-5C53-9663-56A85BD720CD}.Release|Any CPU.Build.0 = Release|Any CPU
		{AB1D7EDB-DF4E-3D41-0967-9A34D50D6260}.Debug|Any CPU.ActiveCfg = Debug|Any CPU
		{AB1D7EDB-DF4E-3D41-0967-9A34D50D6260}.Debug|Any CPU.Build.0 = Debug|Any CPU
		{AB1D7EDB-DF4E-3D41-0967-9A34D50D6260}.Release|Any CPU.ActiveCfg = Release|Any CPU
		{AB1D7EDB-DF4E-3D41-0967-9A34D50D6260}.Release|Any CPU.Build.0 = Release|Any CPU
		{3662F7E2-A3CC-2BC8-FD0B-E1DF7863B651}.Debug|Any CPU.ActiveCfg = Debug|Any CPU
		{3662F7E2-A3CC-2BC8-FD0B-E1DF7863B651}.Debug|Any CPU.Build.0 = Debug|Any CPU
		{3662F7E2-A3CC-2BC8-FD0B-E1DF7863B651}.Release|Any CPU.ActiveCfg = Release|Any CPU
		{3662F7E2-A3CC-2BC8-FD0B-E1DF7863B651}.Release|Any CPU.Build.0 = Release|Any CPU
		{8670539C-A90F-442D-1AE4-04ECDCDCC673}.Debug|Any CPU.ActiveCfg = Debug|Any CPU
		{8670539C-A90F-442D-1AE4-04ECDCDCC673}.Debug|Any CPU.Build.0 = Debug|Any CPU
		{8670539C-A90F-442D-1AE4-04ECDCDCC673}.Release|Any CPU.ActiveCfg = Release|Any CPU
		{8670539C-A90F-442D-1AE4-04ECDCDCC673}.Release|Any CPU.Build.0 = Release|Any CPU
		{E9BE89FF-4C7A-4ACE-7D35-A2A3DF093373}.Debug|Any CPU.ActiveCfg = Debug|Any CPU
		{E9BE89FF-4C7A-4ACE-7D35-A2A3DF093373}.Debug|Any CPU.Build.0 = Debug|Any CPU
		{E9BE89FF-4C7A-4ACE-7D35-A2A3DF093373}.Release|Any CPU.ActiveCfg = Release|Any CPU
		{E9BE89FF-4C7A-4ACE-7D35-A2A3DF093373}.Release|Any CPU.Build.0 = Release|Any CPU
		{863C758E-B82E-DC5A-F208-95D680528F33}.Debug|Any CPU.ActiveCfg = Debug|Any CPU
		{863C758E-B82E-DC5A-F208-95D680528F33}.Debug|Any CPU.Build.0 = Debug|Any CPU
		{863C758E-B82E-DC5A-F208-95D680528F33}.Release|Any CPU.ActiveCfg = Release|Any CPU
		{863C758E-B82E-DC5A-F208-95D680528F33}.Release|Any CPU.Build.0 = Release|Any CPU
		{0B8FED35-5F46-54A6-D7B8-5C40E945A4A4}.Debug|Any CPU.ActiveCfg = Debug|Any CPU
		{0B8FED35-5F46-54A6-D7B8-5C40E945A4A4}.Debug|Any CPU.Build.0 = Debug|Any CPU
		{0B8FED35-5F46-54A6-D7B8-5C40E945A4A4}.Release|Any CPU.ActiveCfg = Release|Any CPU
		{0B8FED35-5F46-54A6-D7B8-5C40E945A4A4}.Release|Any CPU.Build.0 = Release|Any CPU
		{C7C546DB-11B8-A02F-52CA-439392E45107}.Debug|Any CPU.ActiveCfg = Debug|Any CPU
		{C7C546DB-11B8-A02F-52CA-439392E45107}.Debug|Any CPU.Build.0 = Debug|Any CPU
		{C7C546DB-11B8-A02F-52CA-439392E45107}.Release|Any CPU.ActiveCfg = Release|Any CPU
		{C7C546DB-11B8-A02F-52CA-439392E45107}.Release|Any CPU.Build.0 = Release|Any CPU
		{47A391A7-5C28-611D-3394-84D3B86B198E}.Debug|Any CPU.ActiveCfg = Debug|Any CPU
		{47A391A7-5C28-611D-3394-84D3B86B198E}.Debug|Any CPU.Build.0 = Debug|Any CPU
		{47A391A7-5C28-611D-3394-84D3B86B198E}.Release|Any CPU.ActiveCfg = Release|Any CPU
		{47A391A7-5C28-611D-3394-84D3B86B198E}.Release|Any CPU.Build.0 = Release|Any CPU
		{0469832D-BA86-213C-8925-056E83AA1CEF}.Debug|Any CPU.ActiveCfg = Debug|Any CPU
		{0469832D-BA86-213C-8925-056E83AA1CEF}.Debug|Any CPU.Build.0 = Debug|Any CPU
		{0469832D-BA86-213C-8925-056E83AA1CEF}.Release|Any CPU.ActiveCfg = Release|Any CPU
		{0469832D-BA86-213C-8925-056E83AA1CEF}.Release|Any CPU.Build.0 = Release|Any CPU
		{00D78C34-1B39-D172-2C97-86F5B8D52D5E}.Debug|Any CPU.ActiveCfg = Debug|Any CPU
		{00D78C34-1B39-D172-2C97-86F5B8D52D5E}.Debug|Any CPU.Build.0 = Debug|Any CPU
		{00D78C34-1B39-D172-2C97-86F5B8D52D5E}.Release|Any CPU.ActiveCfg = Release|Any CPU
		{00D78C34-1B39-D172-2C97-86F5B8D52D5E}.Release|Any CPU.Build.0 = Release|Any CPU
		{BAE8C345-85DB-28E2-E4CE-425FE8E5F28A}.Debug|Any CPU.ActiveCfg = Debug|Any CPU
		{BAE8C345-85DB-28E2-E4CE-425FE8E5F28A}.Debug|Any CPU.Build.0 = Debug|Any CPU
		{BAE8C345-85DB-28E2-E4CE-425FE8E5F28A}.Release|Any CPU.ActiveCfg = Release|Any CPU
		{BAE8C345-85DB-28E2-E4CE-425FE8E5F28A}.Release|Any CPU.Build.0 = Release|Any CPU
		{299073BB-6E10-D26E-DC95-977B73CCAD8C}.Debug|Any CPU.ActiveCfg = Debug|Any CPU
		{299073BB-6E10-D26E-DC95-977B73CCAD8C}.Debug|Any CPU.Build.0 = Debug|Any CPU
		{299073BB-6E10-D26E-DC95-977B73CCAD8C}.Release|Any CPU.ActiveCfg = Release|Any CPU
		{299073BB-6E10-D26E-DC95-977B73CCAD8C}.Release|Any CPU.Build.0 = Release|Any CPU
	EndGlobalSection
	GlobalSection(SolutionProperties) = preSolution
		HideSolutionNode = FALSE
	EndGlobalSection
EndGlobal
